
Microsoft Visual Studio Solution File, Format Version 12.00
# Visual Studio Version 17
VisualStudioVersion = 17.14.36401.2 d17.14
MinimumVisualStudioVersion = 10.0.40219.1
Project("{FAE04EC0-301F-11D3-BF4B-00C04F79EFBC}") = "SequenceExecutor", "SequenceExecutor\SequenceExecutor.csproj", "{D38A49A9-B75D-460A-9C58-3A3A718AA581}"
EndProject
Global
	GlobalSection(SolutionConfigurationPlatforms) = preSolution
		Debug|Any CPU = Debug|Any CPU
		Release|Any CPU = Release|Any CPU
	EndGlobalSection
	GlobalSection(ProjectConfigurationPlatforms) = postSolution
		{D38A49A9-B75D-460A-9C58-3A3A718AA581}.Debug|Any CPU.ActiveCfg = Debug|Any CPU
		{D38A49A9-B75D-460A-9C58-3A3A718AA581}.Debug|Any CPU.Build.0 = Debug|Any CPU
		{D38A49A9-B75D-460A-9C58-3A3A718AA581}.Release|Any CPU.ActiveCfg = Release|Any CPU
		{D38A49A9-B75D-460A-9C58-3A3A718AA581}.Release|Any CPU.Build.0 = Release|Any CPU
	EndGlobalSection
	GlobalSection(SolutionProperties) = preSolution
		HideSolutionNode = FALSE
	EndGlobalSection
	GlobalSection(ExtensibilityGlobals) = postSolution
		SolutionGuid = {17AC4C79-CBE7-4321-9B50-C358362CEFC8}
	EndGlobalSection
EndGlobal
